
Microsoft Visual Studio Solution File, Format Version 12.00
# Visual Studio Version 17
VisualStudioVersion = 17.5.33502.453
MinimumVisualStudioVersion = 10.0.40219.1
Project("{FAE04EC0-301F-11D3-BF4B-00C04F79EFBC}") = "Cookapp_API", "Cookapp_API\Cookapp_API.csproj", "{0DA8E3D2-BEBA-41F4-903D-35FF81585E0B}"
EndProject
Global
	GlobalSection(SolutionConfigurationPlatforms) = preSolution
		Debug|Any CPU = Debug|Any CPU
		Release|Any CPU = Release|Any CPU
	EndGlobalSection
	GlobalSection(ProjectConfigurationPlatforms) = postSolution
		{0DA8E3D2-BEBA-41F4-903D-35FF81585E0B}.Debug|Any CPU.ActiveCfg = Debug|Any CPU
		{0DA8E3D2-BEBA-41F4-903D-35FF81585E0B}.Debug|Any CPU.Build.0 = Debug|Any CPU
		{0DA8E3D2-BEBA-41F4-903D-35FF81585E0B}.Release|Any CPU.ActiveCfg = Release|Any CPU
		{0DA8E3D2-BEBA-41F4-903D-35FF81585E0B}.Release|Any CPU.Build.0 = Release|Any CPU
	EndGlobalSection
	GlobalSection(SolutionProperties) = preSolution
		HideSolutionNode = FALSE
	EndGlobalSection
	GlobalSection(ExtensibilityGlobals) = postSolution
		SolutionGuid = {E0C0F6A4-49C5-4080-B5B8-5E401EB5B6EA}
	EndGlobalSection
EndGlobal
